Microsoft Visual Studio Solution File, Format Version 12.00
# Visual Studio Version 17
VisualStudioVersion = 17.5.2.0
MinimumVisualStudioVersion = 10.0.40219.1
Project("{FAE04EC0-301F-11D3-BF4B-00C04F79EFBC}") = "premier", "premier.csproj", "{07416A7F-0834-BAF5-D0AC-F4B783F5448C}"
EndProject
Global
	GlobalSection(SolutionConfigurationPlatforms) = preSolution
		Debug|Any CPU = Debug|Any CPU
		Release|Any CPU = Release|Any CPU
	EndGlobalSection
	GlobalSection(ProjectConfigurationPlatforms) = postSolution
		{07416A7F-0834-BAF5-D0AC-F4B783F5448C}.Debug|Any CPU.ActiveCfg = Debug|Any CPU
		{07416A7F-0834-BAF5-D0AC-F4B783F5448C}.Debug|Any CPU.Build.0 = Debug|Any CPU
		{07416A7F-0834-BAF5-D0AC-F4B783F5448C}.Release|Any CPU.ActiveCfg = Release|Any CPU
		{07416A7F-0834-BAF5-D0AC-F4B783F5448C}.Release|Any CPU.Build.0 = Release|Any CPU
	EndGlobalSection
	GlobalSection(SolutionProperties) = preSolution
		HideSolutionNode = FALSE
	EndGlobalSection
	GlobalSection(ExtensibilityGlobals) = postSolution
		SolutionGuid = {D75B9F21-538D-4229-9C6B-3BEDB3DD0385}
	EndGlobalSection
EndGlobal
